
Microsoft Visual Studio Solution File, Format Version 12.00
# Visual Studio 15
VisualStudioVersion = 15.0.27004.2009
MinimumVisualStudioVersion = 10.0.40219.1
Project("{FAE04EC0-301F-11D3-BF4B-00C04F79EFBC}") = "DAL", "DAL\DAL.csproj", "{A90F0049-C925-4ECC-8026-7A4B427E0783}"
EndProject
Global
	GlobalSection(SolutionConfigurationPlatforms) = preSolution
		Debug|Any CPU = Debug|Any CPU
		Release|Any CPU = Release|Any CPU
	EndGlobalSection
	GlobalSection(ProjectConfigurationPlatforms) = postSolution
		{A90F0049-C925-4ECC-8026-7A4B427E0783}.Debug|Any CPU.ActiveCfg = Debug|Any CPU
		{A90F0049-C925-4ECC-8026-7A4B427E0783}.Debug|Any CPU.Build.0 = Debug|Any CPU
		{A90F0049-C925-4ECC-8026-7A4B427E0783}.Release|Any CPU.ActiveCfg = Release|Any CPU
		{A90F0049-C925-4ECC-8026-7A4B427E0783}.Release|Any CPU.Build.0 = Release|Any CPU
	EndGlobalSection
	GlobalSection(SolutionProperties) = preSolution
		HideSolutionNode = FALSE
	EndGlobalSection
	GlobalSection(ExtensibilityGlobals) = postSolution
		SolutionGuid = {DF019723-2819-4681-AE55-FC1BB5C8D622}
	EndGlobalSection
EndGlobal
