
Microsoft Visual Studio Solution File, Format Version 12.00
# Visual Studio 15
VisualStudioVersion = 15.0.27004.2009
MinimumVisualStudioVersion = 10.0.40219.1
Project("{FAE04EC0-301F-11D3-BF4B-00C04F79EFBC}") = "Hotel_ord", "Hotel_ord\Hotel_ord.csproj", "{67F9BE2E-A2D4-4879-8607-3F3CE7BA0C1B}"
EndProject
Project("{2150E333-8FDC-42A3-9474-1A3956D46DE8}") = "Catalog", "Catalog", "{D885EFE6-9902-49E7-BE7D-916BD6877DDE}"
EndProject
Project("{FAE04EC0-301F-11D3-BF4B-00C04F79EFBC}") = "DAL", "DAL\DAL.csproj", "{64089028-BE56-4957-BD6A-E5717735CBBB}"
EndProject
Project("{FAE04EC0-301F-11D3-BF4B-00C04F79EFBC}") = "DAL.Tests", "DAL.Tests\DAL.Tests.csproj", "{D44BB3E0-7EC7-4270-AC7F-503F682DA88C}"
EndProject
Project("{FAE04EC0-301F-11D3-BF4B-00C04F79EFBC}") = "BLL", "BLL\BLL.csproj", "{7E1C6A06-B3F3-4D09-AA5C-15049DD4ACA6}"
EndProject
Project("{FAE04EC0-301F-11D3-BF4B-00C04F79EFBC}") = "CCL", "CCL\CCL.csproj", "{3A6536EF-5994-42EB-B195-F1FF07DED022}"
EndProject
Project("{FAE04EC0-301F-11D3-BF4B-00C04F79EFBC}") = "BLL.Tests", "BLL.Tests\BLL.Tests.csproj", "{EBBE79A1-E323-4376-97DA-602088370319}"
EndProject
Global
	GlobalSection(SolutionConfigurationPlatforms) = preSolution
		Debug|Any CPU = Debug|Any CPU
		Release|Any CPU = Release|Any CPU
	EndGlobalSection
	GlobalSection(ProjectConfigurationPlatforms) = postSolution
		{67F9BE2E-A2D4-4879-8607-3F3CE7BA0C1B}.Debug|Any CPU.ActiveCfg = Debug|Any CPU
		{67F9BE2E-A2D4-4879-8607-3F3CE7BA0C1B}.Debug|Any CPU.Build.0 = Debug|Any CPU
		{67F9BE2E-A2D4-4879-8607-3F3CE7BA0C1B}.Release|Any CPU.ActiveCfg = Release|Any CPU
		{67F9BE2E-A2D4-4879-8607-3F3CE7BA0C1B}.Release|Any CPU.Build.0 = Release|Any CPU
		{64089028-BE56-4957-BD6A-E5717735CBBB}.Debug|Any CPU.ActiveCfg = Debug|Any CPU
		{64089028-BE56-4957-BD6A-E5717735CBBB}.Debug|Any CPU.Build.0 = Debug|Any CPU
		{64089028-BE56-4957-BD6A-E5717735CBBB}.Release|Any CPU.ActiveCfg = Release|Any CPU
		{64089028-BE56-4957-BD6A-E5717735CBBB}.Release|Any CPU.Build.0 = Release|Any CPU
		{D44BB3E0-7EC7-4270-AC7F-503F682DA88C}.Debug|Any CPU.ActiveCfg = Debug|Any CPU
		{D44BB3E0-7EC7-4270-AC7F-503F682DA88C}.Debug|Any CPU.Build.0 = Debug|Any CPU
		{D44BB3E0-7EC7-4270-AC7F-503F682DA88C}.Release|Any CPU.ActiveCfg = Release|Any CPU
		{D44BB3E0-7EC7-4270-AC7F-503F682DA88C}.Release|Any CPU.Build.0 = Release|Any CPU
		{7E1C6A06-B3F3-4D09-AA5C-15049DD4ACA6}.Debug|Any CPU.ActiveCfg = Debug|Any CPU
		{7E1C6A06-B3F3-4D09-AA5C-15049DD4ACA6}.Debug|Any CPU.Build.0 = Debug|Any CPU
		{7E1C6A06-B3F3-4D09-AA5C-15049DD4ACA6}.Release|Any CPU.ActiveCfg = Release|Any CPU
		{7E1C6A06-B3F3-4D09-AA5C-15049DD4ACA6}.Release|Any CPU.Build.0 = Release|Any CPU
		{3A6536EF-5994-42EB-B195-F1FF07DED022}.Debug|Any CPU.ActiveCfg = Debug|Any CPU
		{3A6536EF-5994-42EB-B195-F1FF07DED022}.Debug|Any CPU.Build.0 = Debug|Any CPU
		{3A6536EF-5994-42EB-B195-F1FF07DED022}.Release|Any CPU.ActiveCfg = Release|Any CPU
		{3A6536EF-5994-42EB-B195-F1FF07DED022}.Release|Any CPU.Build.0 = Release|Any CPU
		{EBBE79A1-E323-4376-97DA-602088370319}.Debug|Any CPU.ActiveCfg = Debug|Any CPU
		{EBBE79A1-E323-4376-97DA-602088370319}.Debug|Any CPU.Build.0 = Debug|Any CPU
		{EBBE79A1-E323-4376-97DA-602088370319}.Release|Any CPU.ActiveCfg = Release|Any CPU
		{EBBE79A1-E323-4376-97DA-602088370319}.Release|Any CPU.Build.0 = Release|Any CPU
	EndGlobalSection
	GlobalSection(SolutionProperties) = preSolution
		HideSolutionNode = FALSE
	EndGlobalSection
	GlobalSection(NestedProjects) = preSolution
		{64089028-BE56-4957-BD6A-E5717735CBBB} = {D885EFE6-9902-49E7-BE7D-916BD6877DDE}
		{D44BB3E0-7EC7-4270-AC7F-503F682DA88C} = {D885EFE6-9902-49E7-BE7D-916BD6877DDE}
		{7E1C6A06-B3F3-4D09-AA5C-15049DD4ACA6} = {D885EFE6-9902-49E7-BE7D-916BD6877DDE}
		{3A6536EF-5994-42EB-B195-F1FF07DED022} = {D885EFE6-9902-49E7-BE7D-916BD6877DDE}
		{EBBE79A1-E323-4376-97DA-602088370319} = {D885EFE6-9902-49E7-BE7D-916BD6877DDE}
	EndGlobalSection
	GlobalSection(ExtensibilityGlobals) = postSolution
		SolutionGuid = {AE77FD32-8E81-4D1E-B8A9-F06B980F612A}
	EndGlobalSection
EndGlobal
